// !$*UTF8*$!
{
	archiveVersion = 1;
	classes = {
	};
	objectVersion = 46;
	objects = {

/* Begin PBXBuildFile section */
		750689E91EFF072E0059C77B /* BreweryDetailViewController.swift in Sources */ = {isa = PBXBuildFile; fileRef = 750689E81EFF072E0059C77B /* BreweryDetailViewController.swift */; };
		750689EB1EFF079C0059C77B /* Brewery.swift in Sources */ = {isa = PBXBuildFile; fileRef = 750689EA1EFF079C0059C77B /* Brewery.swift */; };
		7525C4771F07FEDA00272689 /* BeerDetailViewController.swift in Sources */ = {isa = PBXBuildFile; fileRef = 7525C4761F07FEDA00272689 /* BeerDetailViewController.swift */; };
		7578115B1EF9FF6800D102AB /* AppDelegate.swift in Sources */ = {isa = PBXBuildFile; fileRef = 7578115A1EF9FF6800D102AB /* AppDelegate.swift */; };
		7578115D1EF9FF6800D102AB /* ViewController.swift in Sources */ = {isa = PBXBuildFile; fileRef = 7578115C1EF9FF6800D102AB /* ViewController.swift */; };
		757811601EF9FF6800D102AB /* Main.storyboard in Resources */ = {isa = PBXBuildFile; fileRef = 7578115E1EF9FF6800D102AB /* Main.storyboard */; };
		757811621EF9FF6800D102AB /* Assets.xcassets in Resources */ = {isa = PBXBuildFile; fileRef = 757811611EF9FF6800D102AB /* Assets.xcassets */; };
		757811651EF9FF6800D102AB /* LaunchScreen.storyboard in Resources */ = {isa = PBXBuildFile; fileRef = 757811631EF9FF6800D102AB /* LaunchScreen.storyboard */; };
		757811701EF9FF6900D102AB /* OnTapTests.swift in Sources */ = {isa = PBXBuildFile; fileRef = 7578116F1EF9FF6900D102AB /* OnTapTests.swift */; };
		7585DA381F05DF9F0076DE7B /* BreweryBeerListTableViewController.swift in Sources */ = {isa = PBXBuildFile; fileRef = 7585DA371F05DF9F0076DE7B /* BreweryBeerListTableViewController.swift */; };
		7585DA3A1F05E0D50076DE7B /* Beer.swift in Sources */ = {isa = PBXBuildFile; fileRef = 7585DA391F05E0D50076DE7B /* Beer.swift */; };
		75D3469E1EFDF70400E446C9 /* BreweryListTableViewController.swift in Sources */ = {isa = PBXBuildFile; fileRef = 75D3469D1EFDF70400E446C9 /* BreweryListTableViewController.swift */; };
/* End PBXBuildFile section */

/* Begin PBXContainerItemProxy section */
		7578116C1EF9FF6900D102AB /* PBXContainerItemProxy */ = {
			isa = PBXContainerItemProxy;
			containerPortal = 7578114F1EF9FF6800D102AB /* Project object */;
			proxyType = 1;
			remoteGlobalIDString = 757811561EF9FF6800D102AB;
			remoteInfo = OnTap;
		};
/* End PBXContainerItemProxy section */

/* Begin PBXFileReference section */
		750689E81EFF072E0059C77B /* BreweryDetailViewController.swift */ = {isa = PBXFileReference; fileEncoding = 4; lastKnownFileType = sourcecode.swift; path = BreweryDetailViewController.swift; sourceTree = "<group>"; };
		750689EA1EFF079C0059C77B /* Brewery.swift */ = {isa = PBXFileReference; fileEncoding = 4; lastKnownFileType = sourcecode.swift; path = Brewery.swift; sourceTree = "<group>"; };
		7525C4761F07FEDA00272689 /* BeerDetailViewController.swift */ = {isa = PBXFileReference; fileEncoding = 4; lastKnownFileType = sourcecode.swift; path = BeerDetailViewController.swift; sourceTree = "<group>"; };
		757811571EF9FF6800D102AB /* OnTap.app */ = {isa = PBXFileReference; explicitFileType = wrapper.application; includeInIndex = 0; path = OnTap.app; sourceTree = BUILT_PRODUCTS_DIR; };
		7578115A1EF9FF6800D102AB /* AppDelegate.swift */ = {isa = PBXFileReference; lastKnownFileType = sourcecode.swift; path = AppDelegate.swift; sourceTree = "<group>"; };
		7578115C1EF9FF6800D102AB /* ViewController.swift */ = {isa = PBXFileReference; lastKnownFileType = sourcecode.swift; path = ViewController.swift; sourceTree = "<group>"; };
		7578115F1EF9FF6800D102AB /* Base */ = {isa = PBXFileReference; lastKnownFileType = file.storyboard; name = Base; path = Base.lproj/Main.storyboard; sourceTree = "<group>"; };
		757811611EF9FF6800D102AB /* Assets.xcassets */ = {isa = PBXFileReference; lastKnownFileType = folder.assetcatalog; path = Assets.xcassets; sourceTree = "<group>"; };
		757811641EF9FF6800D102AB /* Base */ = {isa = PBXFileReference; lastKnownFileType = file.storyboard; name = Base; path = Base.lproj/LaunchScreen.storyboard; sourceTree = "<group>"; };
		757811661EF9FF6800D102AB /* Info.plist */ = {isa = PBXFileReference; lastKnownFileType = text.plist.xml; path = Info.plist; sourceTree = "<group>"; };
		7578116B1EF9FF6900D102AB /* OnTapTests.xctest */ = {isa = PBXFileReference; explicitFileType = wrapper.cfbundle; includeInIndex = 0; path = OnTapTests.xctest; sourceTree = BUILT_PRODUCTS_DIR; };
		7578116F1EF9FF6900D102AB /* OnTapTests.swift */ = {isa = PBXFileReference; lastKnownFileType = sourcecode.swift; path = OnTapTests.swift; sourceTree = "<group>"; };
		757811711EF9FF6900D102AB /* Info.plist */ = {isa = PBXFileReference; lastKnownFileType = text.plist.xml; path = Info.plist; sourceTree = "<group>"; };
		7585DA371F05DF9F0076DE7B /* BreweryBeerListTableViewController.swift */ = {isa = PBXFileReference; fileEncoding = 4; lastKnownFileType = sourcecode.swift; path = BreweryBeerListTableViewController.swift; sourceTree = "<group>"; };
		7585DA391F05E0D50076DE7B /* Beer.swift */ = {isa = PBXFileReference; fileEncoding = 4; lastKnownFileType = sourcecode.swift; path = Beer.swift; sourceTree = "<group>"; };
		75D3469D1EFDF70400E446C9 /* BreweryListTableViewController.swift */ = {isa = PBXFileReference; fileEncoding = 4; lastKnownFileType = sourcecode.swift; path = BreweryListTableViewController.swift; sourceTree = "<group>"; };
/* End PBXFileReference section */

/* Begin PBXFrameworksBuildPhase section */
		757811541EF9FF6800D102AB /* Frameworks */ = {
			isa = PBXFrameworksBuildPhase;
			buildActionMask = 2147483647;
			files = (
			);
			runOnlyForDeploymentPostprocessing = 0;
		};
		757811681EF9FF6900D102AB /* Frameworks */ = {
			isa = PBXFrameworksBuildPhase;
			buildActionMask = 2147483647;
			files = (
			);
			runOnlyForDeploymentPostprocessing = 0;
		};
/* End PBXFrameworksBuildPhase section */

/* Begin PBXGroup section */
		7578114E1EF9FF6800D102AB = {
			isa = PBXGroup;
			children = (
				757811591EF9FF6800D102AB /* OnTap */,
				7578116E1EF9FF6900D102AB /* OnTapTests */,
				757811581EF9FF6800D102AB /* Products */,
			);
			sourceTree = "<group>";
		};
		757811581EF9FF6800D102AB /* Products */ = {
			isa = PBXGroup;
			children = (
				757811571EF9FF6800D102AB /* OnTap.app */,
				7578116B1EF9FF6900D102AB /* OnTapTests.xctest */,
			);
			name = Products;
			sourceTree = "<group>";
		};
		757811591EF9FF6800D102AB /* OnTap */ = {
			isa = PBXGroup;
			children = (
				7578115A1EF9FF6800D102AB /* AppDelegate.swift */,
				7578115C1EF9FF6800D102AB /* ViewController.swift */,
				7585DA371F05DF9F0076DE7B /* BreweryBeerListTableViewController.swift */,
				7578115E1EF9FF6800D102AB /* Main.storyboard */,
				7525C4761F07FEDA00272689 /* BeerDetailViewController.swift */,
				757811611EF9FF6800D102AB /* Assets.xcassets */,
				757811631EF9FF6800D102AB /* LaunchScreen.storyboard */,
				757811661EF9FF6800D102AB /* Info.plist */,
				75D3469D1EFDF70400E446C9 /* BreweryListTableViewController.swift */,
				750689E81EFF072E0059C77B /* BreweryDetailViewController.swift */,
				750689EA1EFF079C0059C77B /* Brewery.swift */,
				7585DA391F05E0D50076DE7B /* Beer.swift */,
			);
			path = OnTap;
			sourceTree = "<group>";
		};
		7578116E1EF9FF6900D102AB /* OnTapTests */ = {
			isa = PBXGroup;
			children = (
				7578116F1EF9FF6900D102AB /* OnTapTests.swift */,
				757811711EF9FF6900D102AB /* Info.plist */,
			);
			path = OnTapTests;
			sourceTree = "<group>";
		};
/* End PBXGroup section */

/* Begin PBXNativeTarget section */
		757811561EF9FF6800D102AB /* OnTap */ = {
			isa = PBXNativeTarget;
			buildConfigurationList = 757811741EF9FF6900D102AB /* Build configuration list for PBXNativeTarget "OnTap" */;
			buildPhases = (
				757811531EF9FF6800D102AB /* Sources */,
				757811541EF9FF6800D102AB /* Frameworks */,
				757811551EF9FF6800D102AB /* Resources */,
			);
			buildRules = (
			);
			dependencies = (
			);
			name = OnTap;
			productName = OnTap;
			productReference = 757811571EF9FF6800D102AB /* OnTap.app */;
			productType = "com.apple.product-type.application";
		};
		7578116A1EF9FF6900D102AB /* OnTapTests */ = {
			isa = PBXNativeTarget;
			buildConfigurationList = 757811771EF9FF6900D102AB /* Build configuration list for PBXNativeTarget "OnTapTests" */;
			buildPhases = (
				757811671EF9FF6900D102AB /* Sources */,
				757811681EF9FF6900D102AB /* Frameworks */,
				757811691EF9FF6900D102AB /* Resources */,
			);
			buildRules = (
			);
			dependencies = (
				7578116D1EF9FF6900D102AB /* PBXTargetDependency */,
			);
			name = OnTapTests;
			productName = OnTapTests;
			productReference = 7578116B1EF9FF6900D102AB /* OnTapTests.xctest */;
			productType = "com.apple.product-type.bundle.unit-test";
		};
/* End PBXNativeTarget section */

/* Begin PBXProject section */
		7578114F1EF9FF6800D102AB /* Project object */ = {
			isa = PBXProject;
			attributes = {
				LastSwiftUpdateCheck = 0830;
				LastUpgradeCheck = 0830;
				ORGANIZATIONNAME = "Michael Pszonka";
				TargetAttributes = {
					757811561EF9FF6800D102AB = {
						CreatedOnToolsVersion = 8.3.2;
						ProvisioningStyle = Automatic;
					};
					7578116A1EF9FF6900D102AB = {
						CreatedOnToolsVersion = 8.3.2;
						ProvisioningStyle = Automatic;
						TestTargetID = 757811561EF9FF6800D102AB;
					};
				};
			};
			buildConfigurationList = 757811521EF9FF6800D102AB /* Build configuration list for PBXProject "OnTap" */;
			compatibilityVersion = "Xcode 3.2";
			developmentRegion = English;
			hasScannedForEncodings = 0;
			knownRegions = (
				en,
				Base,
			);
			mainGroup = 7578114E1EF9FF6800D102AB;
			productRefGroup = 757811581EF9FF6800D102AB /* Products */;
			projectDirPath = "";
			projectRoot = "";
			targets = (
				757811561EF9FF6800D102AB /* OnTap */,
				7578116A1EF9FF6900D102AB /* OnTapTests */,
			);
		};
/* End PBXProject section */

/* Begin PBXResourcesBuildPhase section */
		757811551EF9FF6800D102AB /* Resources */ = {
			isa = PBXResourcesBuildPhase;
			buildActionMask = 2147483647;
			files = (
				757811651EF9FF6800D102AB /* LaunchScreen.storyboard in Resources */,
				757811621EF9FF6800D102AB /* Assets.xcassets in Resources */,
				757811601EF9FF6800D102AB /* Main.storyboard in Resources */,
			);
			runOnlyForDeploymentPostprocessing = 0;
		};
		757811691EF9FF6900D102AB /* Resources */ = {
			isa = PBXResourcesBuildPhase;
			buildActionMask = 2147483647;
			files = (
			);
			runOnlyForDeploymentPostprocessing = 0;
		};
/* End PBXResourcesBuildPhase section */

/* Begin PBXSourcesBuildPhase section */
		757811531EF9FF6800D102AB /* Sources */ = {
			isa = PBXSourcesBuildPhase;
			buildActionMask = 2147483647;
			files = (
				7578115D1EF9FF6800D102AB /* ViewController.swift in Sources */,
				7525C4771F07FEDA00272689 /* BeerDetailViewController.swift in Sources */,
				7578115B1EF9FF6800D102AB /* AppDelegate.swift in Sources */,
				750689E91EFF072E0059C77B /* BreweryDetailViewController.swift in Sources */,
				750689EB1EFF079C0059C77B /* Brewery.swift in Sources */,
				7585DA381F05DF9F0076DE7B /* BreweryBeerListTableViewController.swift in Sources */,
				7585DA3A1F05E0D50076DE7B /* Beer.swift in Sources */,
				75D3469E1EFDF70400E446C9 /* BreweryListTableViewController.swift in Sources */,
			);
			runOnlyForDeploymentPostprocessing = 0;
		};
		757811671EF9FF6900D102AB /* Sources */ = {
			isa = PBXSourcesBuildPhase;
			buildActionMask = 2147483647;
			files = (
				757811701EF9FF6900D102AB /* OnTapTests.swift in Sources */,
			);
			runOnlyForDeploymentPostprocessing = 0;
		};
/* End PBXSourcesBuildPhase section */

/* Begin PBXTargetDependency section */
		7578116D1EF9FF6900D102AB /* PBXTargetDependency */ = {
			isa = PBXTargetDependency;
			target = 757811561EF9FF6800D102AB /* OnTap */;
			targetProxy = 7578116C1EF9FF6900D102AB /* PBXContainerItemProxy */;
		};
/* End PBXTargetDependency section */

/* Begin PBXVariantGroup section */
		7578115E1EF9FF6800D102AB /* Main.storyboard */ = {
			isa = PBXVariantGroup;
			children = (
				7578115F1EF9FF6800D102AB /* Base */,
			);
			name = Main.storyboard;
			sourceTree = "<group>";
		};
		757811631EF9FF6800D102AB /* LaunchScreen.storyboard */ = {
			isa = PBXVariantGroup;
			children = (
				757811641EF9FF6800D102AB /* Base */,
			);
			name = LaunchScreen.storyboard;
			sourceTree = "<group>";
		};
/* End PBXVariantGroup section */

/* Begin XCBuildConfiguration section */
		757811721EF9FF6900D102AB /* Debug */ = {
			isa = XCBuildConfiguration;
			buildSettings = {
				ALWAYS_SEARCH_USER_PATHS = NO;
				CLANG_ANALYZER_NONNULL = YES;
				CLANG_ANALYZER_NUMBER_OBJECT_CONVERSION = YES_AGGRESSIVE;
				CLANG_CXX_LANGUAGE_STANDARD = "gnu++0x";
				CLANG_CXX_LIBRARY = "libc++";
				CLANG_ENABLE_MODULES = YES;
				CLANG_ENABLE_OBJC_ARC = YES;
				CLANG_WARN_BOOL_CONVERSION = YES;
				CLANG_WARN_CONSTANT_CONVERSION = YES;
				CLANG_WARN_DIRECT_OBJC_ISA_USAGE = YES_ERROR;
				CLANG_WARN_DOCUMENTATION_COMMENTS = YES;
				CLANG_WARN_EMPTY_BODY = YES;
				CLANG_WARN_ENUM_CONVERSION = YES;
				CLANG_WARN_INFINITE_RECURSION = YES;
				CLANG_WARN_INT_CONVERSION = YES;
				CLANG_WARN_OBJC_ROOT_CLASS = YES_ERROR;
				CLANG_WARN_SUSPICIOUS_MOVE = YES;
				CLANG_WARN_UNREACHABLE_CODE = YES;
				CLANG_WARN__DUPLICATE_METHOD_MATCH = YES;
				"CODE_SIGN_IDENTITY[sdk=iphoneos*]" = "iPhone Developer";
				COPY_PHASE_STRIP = NO;
				DEBUG_INFORMATION_FORMAT = dwarf;
				ENABLE_STRICT_OBJC_MSGSEND = YES;
				ENABLE_TESTABILITY = YES;
				GCC_C_LANGUAGE_STANDARD = gnu99;
				GCC_DYNAMIC_NO_PIC = NO;
				GCC_NO_COMMON_BLOCKS = YES;
				GCC_OPTIMIZATION_LEVEL = 0;
				GCC_PREPROCESSOR_DEFINITIONS = (
					"DEBUG=1",
					"$(inherited)",
				);
				GCC_WARN_64_TO_32_BIT_CONVERSION = YES;
				GCC_WARN_ABOUT_RETURN_TYPE = YES_ERROR;
				GCC_WARN_UNDECLARED_SELECTOR = YES;
				GCC_WARN_UNINITIALIZED_AUTOS = YES_AGGRESSIVE;
				GCC_WARN_UNUSED_FUNCTION = YES;
				GCC_WARN_UNUSED_VARIABLE = YES;
				IPHONEOS_DEPLOYMENT_TARGET = 10.3;
				MTL_ENABLE_DEBUG_INFO = YES;
				ONLY_ACTIVE_ARCH = YES;
				SDKROOT = iphoneos;
				SWIFT_ACTIVE_COMPILATION_CONDITIONS = DEBUG;
				SWIFT_OPTIMIZATION_LEVEL = "-Onone";
				TARGETED_DEVICE_FAMILY = "1,2";
			};
			name = Debug;
		};
		757811731EF9FF6900D102AB /* Release */ = {
			isa = XCBuildConfiguration;
			buildSettings = {
				ALWAYS_SEARCH_USER_PATHS = NO;
				CLANG_ANALYZER_NONNULL = YES;
				CLANG_ANALYZER_NUMBER_OBJECT_CONVERSION = YES_AGGRESSIVE;
				CLANG_CXX_LANGUAGE_STANDARD = "gnu++0x";
				CLANG_CXX_LIBRARY = "libc++";
				CLANG_ENABLE_MODULES = YES;
				CLANG_ENABLE_OBJC_ARC = YES;
				CLANG_WARN_BOOL_CONVERSION = YES;
				CLANG_WARN_CONSTANT_CONVERSION = YES;
				CLANG_WARN_DIRECT_OBJC_ISA_USAGE = YES_ERROR;
				CLANG_WARN_DOCUMENTATION_COMMENTS = YES;
				CLANG_WARN_EMPTY_BODY = YES;
				CLANG_WARN_ENUM_CONVERSION = YES;
				CLANG_WARN_INFINITE_RECURSION = YES;
				CLANG_WARN_INT_CONVERSION = YES;
				CLANG_WARN_OBJC_ROOT_CLASS = YES_ERROR;
				CLANG_WARN_SUSPICIOUS_MOVE = YES;
				CLANG_WARN_UNREACHABLE_CODE = YES;
				CLANG_WARN__DUPLICATE_METHOD_MATCH = YES;
				"CODE_SIGN_IDENTITY[sdk=iphoneos*]" = "iPhone Developer";
				COPY_PHASE_STRIP = NO;
				DEBUG_INFORMATION_FORMAT = "dwarf-with-dsym";
				ENABLE_NS_ASSERTIONS = NO;
				ENABLE_STRICT_OBJC_MSGSEND = YES;
				GCC_C_LANGUAGE_STANDARD = gnu99;
				GCC_NO_COMMON_BLOCKS = YES;
				GCC_WARN_64_TO_32_BIT_CONVERSION = YES;
				GCC_WARN_ABOUT_RETURN_TYPE = YES_ERROR;
				GCC_WARN_UNDECLARED_SELECTOR = YES;
				GCC_WARN_UNINITIALIZED_AUTOS = YES_AGGRESSIVE;
				GCC_WARN_UNUSED_FUNCTION = YES;
				GCC_WARN_UNUSED_VARIABLE = YES;
				IPHONEOS_DEPLOYMENT_TARGET = 10.3;
				MTL_ENABLE_DEBUG_INFO = NO;
				SDKROOT = iphoneos;
				SWIFT_OPTIMIZATION_LEVEL = "-Owholemodule";
				TARGETED_DEVICE_FAMILY = "1,2";
				VALIDATE_PRODUCT = YES;
			};
			name = Release;
		};
		757811751EF9FF6900D102AB /* Debug */ = {
			isa = XCBuildConfiguration;
			buildSettings = {
				ASSETCATALOG_COMPILER_APPICON_NAME = AppIcon;
				INFOPLIST_FILE = OnTap/Info.plist;
				LD_RUNPATH_SEARCH_PATHS = "$(inherited) @executable_path/Frameworks";
				PRODUCT_BUNDLE_IDENTIFIER = com.example.OnTap;
				PRODUCT_NAME = "$(TARGET_NAME)";
				SWIFT_VERSION = 3.0;
			};
			name = Debug;
		};
		757811761EF9FF6900D102AB /* Release */ = {
			isa = XCBuildConfiguration;
			buildSettings = {
				ASSETCATALOG_COMPILER_APPICON_NAME = AppIcon;
				INFOPLIST_FILE = OnTap/Info.plist;
				LD_RUNPATH_SEARCH_PATHS = "$(inherited) @executable_path/Frameworks";
				PRODUCT_BUNDLE_IDENTIFIER = com.example.OnTap;
				PRODUCT_NAME = "$(TARGET_NAME)";
				SWIFT_VERSION = 3.0;
			};
			name = Release;
		};
		757811781EF9FF6900D102AB /* Debug */ = {
			isa = XCBuildConfiguration;
			buildSettings = {
				ALWAYS_EMBED_SWIFT_STANDARD_LIBRARIES = YES;
				BUNDLE_LOADER = "$(TEST_HOST)";
				INFOPLIST_FILE = OnTapTests/Info.plist;
				LD_RUNPATH_SEARCH_PATHS = "$(inherited) @executable_path/Frameworks @loader_path/Frameworks";
				PRODUCT_BUNDLE_IDENTIFIER = com.example.OnTapTests;
				PRODUCT_NAME = "$(TARGET_NAME)";
				SWIFT_VERSION = 3.0;
				TEST_HOST = "$(BUILT_PRODUCTS_DIR)/OnTap.app/OnTap";
			};
			name = Debug;
		};
		757811791EF9FF6900D102AB /* Release */ = {
			isa = XCBuildConfiguration;
			buildSettings = {
				ALWAYS_EMBED_SWIFT_STANDARD_LIBRARIES = YES;
				BUNDLE_LOADER = "$(TEST_HOST)";
				INFOPLIST_FILE = OnTapTests/Info.plist;
				LD_RUNPATH_SEARCH_PATHS = "$(inherited) @executable_path/Frameworks @loader_path/Frameworks";
				PRODUCT_BUNDLE_IDENTIFIER = com.example.OnTapTests;
				PRODUCT_NAME = "$(TARGET_NAME)";
				SWIFT_VERSION = 3.0;
				TEST_HOST = "$(BUILT_PRODUCTS_DIR)/OnTap.app/OnTap";
			};
			name = Release;
		};
/* End XCBuildConfiguration section */

/* Begin XCConfigurationList section */
		757811521EF9FF6800D102AB /* Build configuration list for PBXProject "OnTap" */ = {
			isa = XCConfigurationList;
			buildConfigurations = (
				757811721EF9FF6900D102AB /* Debug */,
				757811731EF9FF6900D102AB /* Release */,
			);
			defaultConfigurationIsVisible = 0;
			defaultConfigurationName = Release;
		};
		757811741EF9FF6900D102AB /* Build configuration list for PBXNativeTarget "OnTap" */ = {
			isa = XCConfigurationList;
			buildConfigurations = (
				757811751EF9FF6900D102AB /* Debug */,
				757811761EF9FF6900D102AB /* Release */,
			);
			defaultConfigurationIsVisible = 0;
			defaultConfigurationName = Release;
		};
		757811771EF9FF6900D102AB /* Build configuration list for PBXNativeTarget "OnTapTests" */ = {
			isa = XCConfigurationList;
			buildConfigurations = (
				757811781EF9FF6900D102AB /* Debug */,
				757811791EF9FF6900D102AB /* Release */,
			);
			defaultConfigurationIsVisible = 0;
			defaultConfigurationName = Release;
		};
/* End XCConfigurationList section */
	};
	rootObject = 7578114F1EF9FF6800D102AB /* Project object */;
}
