// !$*UTF8*$!
{
	archiveVersion = 1;
	classes = {
	};
	objectVersion = 46;
	objects = {

/* Begin PBXBuildFile section */
		39AAD612D2A7C157B71A6B79 /* Pods_OnTap.framework in Frameworks */ = {isa = PBXBuildFile; fileRef = 712C36B78B550C202F6BD7B5 /* Pods_OnTap.framework */; };
		750689E91EFF072E0059C77B /* BreweryDetailViewController.swift in Sources */ = {isa = PBXBuildFile; fileRef = 750689E81EFF072E0059C77B /* BreweryDetailViewController.swift */; };
		750689EB1EFF079C0059C77B /* Brewery.swift in Sources */ = {isa = PBXBuildFile; fileRef = 750689EA1EFF079C0059C77B /* Brewery.swift */; };
		75151BD91F15AE67009952CE /* MapKit.framework in Frameworks */ = {isa = PBXBuildFile; fileRef = 75151BD81F15AE67009952CE /* MapKit.framework */; };
		75151BDD1F15B684009952CE /* CoreLocation.framework in Frameworks */ = {isa = PBXBuildFile; fileRef = 75151BDC1F15B684009952CE /* CoreLocation.framework */; };
		751630BB1F39684800ABDFEC /* BeerSearchTableViewController.swift in Sources */ = {isa = PBXBuildFile; fileRef = 751630BA1F39684800ABDFEC /* BeerSearchTableViewController.swift */; };
		751806791F3146FC0002821D /* BeerStyleTableTableViewController.swift in Sources */ = {isa = PBXBuildFile; fileRef = 751806781F3146FC0002821D /* BeerStyleTableTableViewController.swift */; };
		7518067B1F3148850002821D /* BeerStyle.swift in Sources */ = {isa = PBXBuildFile; fileRef = 7518067A1F3148850002821D /* BeerStyle.swift */; };
		7518067F1F314E630002821D /* BeerStyleDetailViewController.swift in Sources */ = {isa = PBXBuildFile; fileRef = 7518067E1F314E630002821D /* BeerStyleDetailViewController.swift */; };
		751907B81F3BFC4900967A12 /* FavoriteBeersTableViewController.swift in Sources */ = {isa = PBXBuildFile; fileRef = 751907B71F3BFC4900967A12 /* FavoriteBeersTableViewController.swift */; };
		7525C4771F07FEDA00272689 /* BeerDetailViewController.swift in Sources */ = {isa = PBXBuildFile; fileRef = 7525C4761F07FEDA00272689 /* BeerDetailViewController.swift */; };
		7525C4821F0840EC00272689 /* placeholder.png in Resources */ = {isa = PBXBuildFile; fileRef = 7525C4811F0840EC00272689 /* placeholder.png */; };
		7535EEC11F29806200341658 /* HopsDetailViewController.swift in Sources */ = {isa = PBXBuildFile; fileRef = 7535EEC01F29806200341658 /* HopsDetailViewController.swift */; };
		754EA9161F3621F600A84753 /* UserAuthenticationViewController.swift in Sources */ = {isa = PBXBuildFile; fileRef = 754EA9151F3621F600A84753 /* UserAuthenticationViewController.swift */; };
		756686021F28257D0017D5CF /* HopListTableViewController.swift in Sources */ = {isa = PBXBuildFile; fileRef = 756686011F28257D0017D5CF /* HopListTableViewController.swift */; };
		756686041F28281D0017D5CF /* Hops.swift in Sources */ = {isa = PBXBuildFile; fileRef = 756686031F28281D0017D5CF /* Hops.swift */; };
		7578115B1EF9FF6800D102AB /* AppDelegate.swift in Sources */ = {isa = PBXBuildFile; fileRef = 7578115A1EF9FF6800D102AB /* AppDelegate.swift */; };
		7578115D1EF9FF6800D102AB /* MainMenu.swift in Sources */ = {isa = PBXBuildFile; fileRef = 7578115C1EF9FF6800D102AB /* MainMenu.swift */; };
		757811601EF9FF6800D102AB /* Main.storyboard in Resources */ = {isa = PBXBuildFile; fileRef = 7578115E1EF9FF6800D102AB /* Main.storyboard */; };
		757811621EF9FF6800D102AB /* Assets.xcassets in Resources */ = {isa = PBXBuildFile; fileRef = 757811611EF9FF6800D102AB /* Assets.xcassets */; };
		757811651EF9FF6800D102AB /* LaunchScreen.storyboard in Resources */ = {isa = PBXBuildFile; fileRef = 757811631EF9FF6800D102AB /* LaunchScreen.storyboard */; };
		757811701EF9FF6900D102AB /* OnTapTests.swift in Sources */ = {isa = PBXBuildFile; fileRef = 7578116F1EF9FF6900D102AB /* OnTapTests.swift */; };
		7585DA381F05DF9F0076DE7B /* BreweryBeerListTableViewController.swift in Sources */ = {isa = PBXBuildFile; fileRef = 7585DA371F05DF9F0076DE7B /* BreweryBeerListTableViewController.swift */; };
		7585DA3A1F05E0D50076DE7B /* Beer.swift in Sources */ = {isa = PBXBuildFile; fileRef = 7585DA391F05E0D50076DE7B /* Beer.swift */; };
		75925BC01F35528600E2A4C7 /* Guild.swift in Sources */ = {isa = PBXBuildFile; fileRef = 75925BBF1F35528600E2A4C7 /* Guild.swift */; };
		75925BC21F35559700E2A4C7 /* GuildListTableViewController.swift in Sources */ = {isa = PBXBuildFile; fileRef = 75925BC11F35559700E2A4C7 /* GuildListTableViewController.swift */; };
		75925BC41F355D4A00E2A4C7 /* GuildDetailViewController.swift in Sources */ = {isa = PBXBuildFile; fileRef = 75925BC31F355D4A00E2A4C7 /* GuildDetailViewController.swift */; };
		75D3469E1EFDF70400E446C9 /* BreweryListTableViewController.swift in Sources */ = {isa = PBXBuildFile; fileRef = 75D3469D1EFDF70400E446C9 /* BreweryListTableViewController.swift */; };
		75D3779E1F376B2200FD7BF0 /* User.swift in Sources */ = {isa = PBXBuildFile; fileRef = 75D3779D1F376B2200FD7BF0 /* User.swift */; };
		75E61C131F361A92001660F6 /* GoogleService-Info.plist in Resources */ = {isa = PBXBuildFile; fileRef = 75E61C121F361A92001660F6 /* GoogleService-Info.plist */; };
		75EEA9A21F3D475600847507 /* FavoriteBreweryTableViewController.swift in Sources */ = {isa = PBXBuildFile; fileRef = 75EEA9A11F3D475600847507 /* FavoriteBreweryTableViewController.swift */; };
		75F80EDD1F1BD28900EB27DB /* BreweryMapViewController.swift in Sources */ = {isa = PBXBuildFile; fileRef = 75F80EDC1F1BD28900EB27DB /* BreweryMapViewController.swift */; };
		75F80EDF1F1BD4E700EB27DB /* BreweryLocation.swift in Sources */ = {isa = PBXBuildFile; fileRef = 75F80EDE1F1BD4E700EB27DB /* BreweryLocation.swift */; };
		75F80EE11F1BD64E00EB27DB /* VCMapView.swift in Sources */ = {isa = PBXBuildFile; fileRef = 75F80EE01F1BD64E00EB27DB /* VCMapView.swift */; };
		E278711A200CDCEE6152D285 /* Pods_OnTapTests.framework in Frameworks */ = {isa = PBXBuildFile; fileRef = 9ADC907BE81DF75B7A7DE784 /* Pods_OnTapTests.framework */; };
/* End PBXBuildFile section */

/* Begin PBXContainerItemProxy section */
		7578116C1EF9FF6900D102AB /* PBXContainerItemProxy */ = {
			isa = PBXContainerItemProxy;
			containerPortal = 7578114F1EF9FF6800D102AB /* Project object */;
			proxyType = 1;
			remoteGlobalIDString = 757811561EF9FF6800D102AB;
			remoteInfo = OnTap;
		};
/* End PBXContainerItemProxy section */

/* Begin PBXFileReference section */
		712C36B78B550C202F6BD7B5 /* Pods_OnTap.framework */ = {isa = PBXFileReference; explicitFileType = wrapper.framework; includeInIndex = 0; path = Pods_OnTap.framework; sourceTree = BUILT_PRODUCTS_DIR; };
		750689E81EFF072E0059C77B /* BreweryDetailViewController.swift */ = {isa = PBXFileReference; fileEncoding = 4; lastKnownFileType = sourcecode.swift; path = BreweryDetailViewController.swift; sourceTree = "<group>"; };
		750689EA1EFF079C0059C77B /* Brewery.swift */ = {isa = PBXFileReference; fileEncoding = 4; lastKnownFileType = sourcecode.swift; path = Brewery.swift; sourceTree = "<group>"; };
		75151BD81F15AE67009952CE /* MapKit.framework */ = {isa = PBXFileReference; lastKnownFileType = wrapper.framework; name = MapKit.framework; path = System/Library/Frameworks/MapKit.framework; sourceTree = SDKROOT; };
		75151BDC1F15B684009952CE /* CoreLocation.framework */ = {isa = PBXFileReference; lastKnownFileType = wrapper.framework; name = CoreLocation.framework; path = System/Library/Frameworks/CoreLocation.framework; sourceTree = SDKROOT; };
		751630BA1F39684800ABDFEC /* BeerSearchTableViewController.swift */ = {isa = PBXFileReference; fileEncoding = 4; lastKnownFileType = sourcecode.swift; path = BeerSearchTableViewController.swift; sourceTree = "<group>"; };
		751806781F3146FC0002821D /* BeerStyleTableTableViewController.swift */ = {isa = PBXFileReference; fileEncoding = 4; lastKnownFileType = sourcecode.swift; path = BeerStyleTableTableViewController.swift; sourceTree = "<group>"; };
		7518067A1F3148850002821D /* BeerStyle.swift */ = {isa = PBXFileReference; fileEncoding = 4; lastKnownFileType = sourcecode.swift; path = BeerStyle.swift; sourceTree = "<group>"; };
		7518067E1F314E630002821D /* BeerStyleDetailViewController.swift */ = {isa = PBXFileReference; fileEncoding = 4; lastKnownFileType = sourcecode.swift; name = BeerStyleDetailViewController.swift; path = ../BeerStyleDetailViewController.swift; sourceTree = "<group>"; };
		751907B71F3BFC4900967A12 /* FavoriteBeersTableViewController.swift */ = {isa = PBXFileReference; fileEncoding = 4; lastKnownFileType = sourcecode.swift; path = FavoriteBeersTableViewController.swift; sourceTree = "<group>"; };
		7525C4761F07FEDA00272689 /* BeerDetailViewController.swift */ = {isa = PBXFileReference; fileEncoding = 4; lastKnownFileType = sourcecode.swift; path = BeerDetailViewController.swift; sourceTree = "<group>"; };
		7525C4811F0840EC00272689 /* placeholder.png */ = {isa = PBXFileReference; lastKnownFileType = image.png; name = placeholder.png; path = ../../../../Downloads/placeholder.png; sourceTree = "<group>"; };
		7535EEC01F29806200341658 /* HopsDetailViewController.swift */ = {isa = PBXFileReference; fileEncoding = 4; lastKnownFileType = sourcecode.swift; path = HopsDetailViewController.swift; sourceTree = "<group>"; };
		754EA9151F3621F600A84753 /* UserAuthenticationViewController.swift */ = {isa = PBXFileReference; fileEncoding = 4; lastKnownFileType = sourcecode.swift; path = UserAuthenticationViewController.swift; sourceTree = "<group>"; };
		756686011F28257D0017D5CF /* HopListTableViewController.swift */ = {isa = PBXFileReference; fileEncoding = 4; lastKnownFileType = sourcecode.swift; path = HopListTableViewController.swift; sourceTree = "<group>"; };
		756686031F28281D0017D5CF /* Hops.swift */ = {isa = PBXFileReference; fileEncoding = 4; lastKnownFileType = sourcecode.swift; path = Hops.swift; sourceTree = "<group>"; };
		757811571EF9FF6800D102AB /* OnTap.app */ = {isa = PBXFileReference; explicitFileType = wrapper.application; includeInIndex = 0; path = OnTap.app; sourceTree = BUILT_PRODUCTS_DIR; };
		7578115A1EF9FF6800D102AB /* AppDelegate.swift */ = {isa = PBXFileReference; lastKnownFileType = sourcecode.swift; path = AppDelegate.swift; sourceTree = "<group>"; };
		7578115C1EF9FF6800D102AB /* MainMenu.swift */ = {isa = PBXFileReference; lastKnownFileType = sourcecode.swift; path = MainMenu.swift; sourceTree = "<group>"; };
		7578115F1EF9FF6800D102AB /* Base */ = {isa = PBXFileReference; lastKnownFileType = file.storyboard; name = Base; path = Base.lproj/Main.storyboard; sourceTree = "<group>"; };
		757811611EF9FF6800D102AB /* Assets.xcassets */ = {isa = PBXFileReference; lastKnownFileType = folder.assetcatalog; path = Assets.xcassets; sourceTree = "<group>"; };
		757811641EF9FF6800D102AB /* Base */ = {isa = PBXFileReference; lastKnownFileType = file.storyboard; name = Base; path = Base.lproj/LaunchScreen.storyboard; sourceTree = "<group>"; };
		757811661EF9FF6800D102AB /* Info.plist */ = {isa = PBXFileReference; lastKnownFileType = text.plist.xml; path = Info.plist; sourceTree = "<group>"; };
		7578116B1EF9FF6900D102AB /* OnTapTests.xctest */ = {isa = PBXFileReference; explicitFileType = wrapper.cfbundle; includeInIndex = 0; path = OnTapTests.xctest; sourceTree = BUILT_PRODUCTS_DIR; };
		7578116F1EF9FF6900D102AB /* OnTapTests.swift */ = {isa = PBXFileReference; lastKnownFileType = sourcecode.swift; path = OnTapTests.swift; sourceTree = "<group>"; };
		757811711EF9FF6900D102AB /* Info.plist */ = {isa = PBXFileReference; lastKnownFileType = text.plist.xml; path = Info.plist; sourceTree = "<group>"; };
		7585DA371F05DF9F0076DE7B /* BreweryBeerListTableViewController.swift */ = {isa = PBXFileReference; fileEncoding = 4; lastKnownFileType = sourcecode.swift; path = BreweryBeerListTableViewController.swift; sourceTree = "<group>"; };
		7585DA391F05E0D50076DE7B /* Beer.swift */ = {isa = PBXFileReference; fileEncoding = 4; lastKnownFileType = sourcecode.swift; path = Beer.swift; sourceTree = "<group>"; };
		75925BBF1F35528600E2A4C7 /* Guild.swift */ = {isa = PBXFileReference; fileEncoding = 4; lastKnownFileType = sourcecode.swift; path = Guild.swift; sourceTree = "<group>"; };
		75925BC11F35559700E2A4C7 /* GuildListTableViewController.swift */ = {isa = PBXFileReference; fileEncoding = 4; lastKnownFileType = sourcecode.swift; path = GuildListTableViewController.swift; sourceTree = "<group>"; };
		75925BC31F355D4A00E2A4C7 /* GuildDetailViewController.swift */ = {isa = PBXFileReference; fileEncoding = 4; lastKnownFileType = sourcecode.swift; path = GuildDetailViewController.swift; sourceTree = "<group>"; };
		75D3469D1EFDF70400E446C9 /* BreweryListTableViewController.swift */ = {isa = PBXFileReference; fileEncoding = 4; lastKnownFileType = sourcecode.swift; path = BreweryListTableViewController.swift; sourceTree = "<group>"; };
		75D3779D1F376B2200FD7BF0 /* User.swift */ = {isa = PBXFileReference; fileEncoding = 4; lastKnownFileType = sourcecode.swift; path = User.swift; sourceTree = "<group>"; };
		75E61C121F361A92001660F6 /* GoogleService-Info.plist */ = {isa = PBXFileReference; fileEncoding = 4; lastKnownFileType = text.plist.xml; path = "GoogleService-Info.plist"; sourceTree = "<group>"; };
		75EEA9A11F3D475600847507 /* FavoriteBreweryTableViewController.swift */ = {isa = PBXFileReference; fileEncoding = 4; lastKnownFileType = sourcecode.swift; path = FavoriteBreweryTableViewController.swift; sourceTree = "<group>"; };
		75F80EDC1F1BD28900EB27DB /* BreweryMapViewController.swift */ = {isa = PBXFileReference; fileEncoding = 4; lastKnownFileType = sourcecode.swift; path = BreweryMapViewController.swift; sourceTree = "<group>"; };
		75F80EDE1F1BD4E700EB27DB /* BreweryLocation.swift */ = {isa = PBXFileReference; fileEncoding = 4; lastKnownFileType = sourcecode.swift; path = BreweryLocation.swift; sourceTree = "<group>"; };
		75F80EE01F1BD64E00EB27DB /* VCMapView.swift */ = {isa = PBXFileReference; fileEncoding = 4; lastKnownFileType = sourcecode.swift; path = VCMapView.swift; sourceTree = "<group>"; };
		7E798E79B14498E7B7CEC3F4 /* Pods-OnTapTests.debug.xcconfig */ = {isa = PBXFileReference; includeInIndex = 1; lastKnownFileType = text.xcconfig; name = "Pods-OnTapTests.debug.xcconfig"; path = "Pods/Target Support Files/Pods-OnTapTests/Pods-OnTapTests.debug.xcconfig"; sourceTree = "<group>"; };
		961906D5930546F6F5158FB3 /* Pods-OnTapTests.release.xcconfig */ = {isa = PBXFileReference; includeInIndex = 1; lastKnownFileType = text.xcconfig; name = "Pods-OnTapTests.release.xcconfig"; path = "Pods/Target Support Files/Pods-OnTapTests/Pods-OnTapTests.release.xcconfig"; sourceTree = "<group>"; };
		9ADC907BE81DF75B7A7DE784 /* Pods_OnTapTests.framework */ = {isa = PBXFileReference; explicitFileType = wrapper.framework; includeInIndex = 0; path = Pods_OnTapTests.framework; sourceTree = BUILT_PRODUCTS_DIR; };
		A351E0772093CD0BBF442D73 /* Pods-OnTap.release.xcconfig */ = {isa = PBXFileReference; includeInIndex = 1; lastKnownFileType = text.xcconfig; name = "Pods-OnTap.release.xcconfig"; path = "Pods/Target Support Files/Pods-OnTap/Pods-OnTap.release.xcconfig"; sourceTree = "<group>"; };
		ED9CC2BCAD5725057211170A /* Pods-OnTap.debug.xcconfig */ = {isa = PBXFileReference; includeInIndex = 1; lastKnownFileType = text.xcconfig; name = "Pods-OnTap.debug.xcconfig"; path = "Pods/Target Support Files/Pods-OnTap/Pods-OnTap.debug.xcconfig"; sourceTree = "<group>"; };
/* End PBXFileReference section */

/* Begin PBXFrameworksBuildPhase section */
		757811541EF9FF6800D102AB /* Frameworks */ = {
			isa = PBXFrameworksBuildPhase;
			buildActionMask = 2147483647;
			files = (
				75151BDD1F15B684009952CE /* CoreLocation.framework in Frameworks */,
				75151BD91F15AE67009952CE /* MapKit.framework in Frameworks */,
				39AAD612D2A7C157B71A6B79 /* Pods_OnTap.framework in Frameworks */,
			);
			runOnlyForDeploymentPostprocessing = 0;
		};
		757811681EF9FF6900D102AB /* Frameworks */ = {
			isa = PBXFrameworksBuildPhase;
			buildActionMask = 2147483647;
			files = (
				E278711A200CDCEE6152D285 /* Pods_OnTapTests.framework in Frameworks */,
			);
			runOnlyForDeploymentPostprocessing = 0;
		};
/* End PBXFrameworksBuildPhase section */

/* Begin PBXGroup section */
		75151BD71F15AE67009952CE /* Frameworks */ = {
			isa = PBXGroup;
			children = (
				75151BDC1F15B684009952CE /* CoreLocation.framework */,
				75151BD81F15AE67009952CE /* MapKit.framework */,
				712C36B78B550C202F6BD7B5 /* Pods_OnTap.framework */,
				9ADC907BE81DF75B7A7DE784 /* Pods_OnTapTests.framework */,
			);
			name = Frameworks;
			sourceTree = "<group>";
		};
		7525C47C1F08359300272689 /* resources */ = {
			isa = PBXGroup;
			children = (
				7525C4811F0840EC00272689 /* placeholder.png */,
			);
			name = resources;
			sourceTree = "<group>";
		};
		7578114E1EF9FF6800D102AB = {
			isa = PBXGroup;
			children = (
				75D3779D1F376B2200FD7BF0 /* User.swift */,
				757811591EF9FF6800D102AB /* OnTap */,
				7578116E1EF9FF6900D102AB /* OnTapTests */,
				757811581EF9FF6800D102AB /* Products */,
				75151BD71F15AE67009952CE /* Frameworks */,
				C04716A6AA297AA2FDD80467 /* Pods */,
			);
			sourceTree = "<group>";
		};
		757811581EF9FF6800D102AB /* Products */ = {
			isa = PBXGroup;
			children = (
				757811571EF9FF6800D102AB /* OnTap.app */,
				7578116B1EF9FF6900D102AB /* OnTapTests.xctest */,
			);
			name = Products;
			sourceTree = "<group>";
		};
		757811591EF9FF6800D102AB /* OnTap */ = {
			isa = PBXGroup;
			children = (
				75E61C121F361A92001660F6 /* GoogleService-Info.plist */,
				7518067E1F314E630002821D /* BeerStyleDetailViewController.swift */,
				75F80EDC1F1BD28900EB27DB /* BreweryMapViewController.swift */,
				75F80EE01F1BD64E00EB27DB /* VCMapView.swift */,
				7525C47C1F08359300272689 /* resources */,
				7578115A1EF9FF6800D102AB /* AppDelegate.swift */,
				7578115C1EF9FF6800D102AB /* MainMenu.swift */,
				7585DA371F05DF9F0076DE7B /* BreweryBeerListTableViewController.swift */,
				7578115E1EF9FF6800D102AB /* Main.storyboard */,
				75EEA9A11F3D475600847507 /* FavoriteBreweryTableViewController.swift */,
				751907B71F3BFC4900967A12 /* FavoriteBeersTableViewController.swift */,
				754EA9151F3621F600A84753 /* UserAuthenticationViewController.swift */,
				75925BC31F355D4A00E2A4C7 /* GuildDetailViewController.swift */,
				75925BC11F35559700E2A4C7 /* GuildListTableViewController.swift */,
				75925BBF1F35528600E2A4C7 /* Guild.swift */,
				751806781F3146FC0002821D /* BeerStyleTableTableViewController.swift */,
				7518067A1F3148850002821D /* BeerStyle.swift */,
				7535EEC01F29806200341658 /* HopsDetailViewController.swift */,
				756686011F28257D0017D5CF /* HopListTableViewController.swift */,
				7525C4761F07FEDA00272689 /* BeerDetailViewController.swift */,
				757811611EF9FF6800D102AB /* Assets.xcassets */,
				757811631EF9FF6800D102AB /* LaunchScreen.storyboard */,
				757811661EF9FF6800D102AB /* Info.plist */,
				75D3469D1EFDF70400E446C9 /* BreweryListTableViewController.swift */,
				750689E81EFF072E0059C77B /* BreweryDetailViewController.swift */,
				750689EA1EFF079C0059C77B /* Brewery.swift */,
				75F80EDE1F1BD4E700EB27DB /* BreweryLocation.swift */,
				7585DA391F05E0D50076DE7B /* Beer.swift */,
				756686031F28281D0017D5CF /* Hops.swift */,
				751630BA1F39684800ABDFEC /* BeerSearchTableViewController.swift */,
			);
			path = OnTap;
			sourceTree = "<group>";
		};
		7578116E1EF9FF6900D102AB /* OnTapTests */ = {
			isa = PBXGroup;
			children = (
				7578116F1EF9FF6900D102AB /* OnTapTests.swift */,
				757811711EF9FF6900D102AB /* Info.plist */,
			);
			path = OnTapTests;
			sourceTree = "<group>";
		};
		C04716A6AA297AA2FDD80467 /* Pods */ = {
			isa = PBXGroup;
			children = (
				ED9CC2BCAD5725057211170A /* Pods-OnTap.debug.xcconfig */,
				A351E0772093CD0BBF442D73 /* Pods-OnTap.release.xcconfig */,
				7E798E79B14498E7B7CEC3F4 /* Pods-OnTapTests.debug.xcconfig */,
				961906D5930546F6F5158FB3 /* Pods-OnTapTests.release.xcconfig */,
			);
			name = Pods;
			sourceTree = "<group>";
		};
/* End PBXGroup section */

/* Begin PBXNativeTarget section */
		757811561EF9FF6800D102AB /* OnTap */ = {
			isa = PBXNativeTarget;
			buildConfigurationList = 757811741EF9FF6900D102AB /* Build configuration list for PBXNativeTarget "OnTap" */;
			buildPhases = (
				90F1A600B31702919D424E25 /* [CP] Check Pods Manifest.lock */,
				757811531EF9FF6800D102AB /* Sources */,
				757811541EF9FF6800D102AB /* Frameworks */,
				757811551EF9FF6800D102AB /* Resources */,
				C34359A9C254E547AB48762F /* [CP] Embed Pods Frameworks */,
				0F568957AF3E40ED6B7706F0 /* [CP] Copy Pods Resources */,
			);
			buildRules = (
			);
			dependencies = (
			);
			name = OnTap;
			productName = OnTap;
			productReference = 757811571EF9FF6800D102AB /* OnTap.app */;
			productType = "com.apple.product-type.application";
		};
		7578116A1EF9FF6900D102AB /* OnTapTests */ = {
			isa = PBXNativeTarget;
			buildConfigurationList = 757811771EF9FF6900D102AB /* Build configuration list for PBXNativeTarget "OnTapTests" */;
			buildPhases = (
				DCE9438C696977AAE313B7D5 /* [CP] Check Pods Manifest.lock */,
				757811671EF9FF6900D102AB /* Sources */,
				757811681EF9FF6900D102AB /* Frameworks */,
				757811691EF9FF6900D102AB /* Resources */,
				92A8361756600247FA4EE9EC /* [CP] Embed Pods Frameworks */,
				2D492EB66BF468C4409D895B /* [CP] Copy Pods Resources */,
			);
			buildRules = (
			);
			dependencies = (
				7578116D1EF9FF6900D102AB /* PBXTargetDependency */,
			);
			name = OnTapTests;
			productName = OnTapTests;
			productReference = 7578116B1EF9FF6900D102AB /* OnTapTests.xctest */;
			productType = "com.apple.product-type.bundle.unit-test";
		};
/* End PBXNativeTarget section */

/* Begin PBXProject section */
		7578114F1EF9FF6800D102AB /* Project object */ = {
			isa = PBXProject;
			attributes = {
				LastSwiftUpdateCheck = 0830;
				LastUpgradeCheck = 0830;
				ORGANIZATIONNAME = "Michael Pszonka";
				TargetAttributes = {
					757811561EF9FF6800D102AB = {
						CreatedOnToolsVersion = 8.3.2;
						ProvisioningStyle = Automatic;
						SystemCapabilities = {
							com.apple.BackgroundModes = {
								enabled = 1;
							};
							com.apple.Maps.iOS = {
								enabled = 1;
							};
						};
					};
					7578116A1EF9FF6900D102AB = {
						CreatedOnToolsVersion = 8.3.2;
						ProvisioningStyle = Automatic;
						TestTargetID = 757811561EF9FF6800D102AB;
					};
				};
			};
			buildConfigurationList = 757811521EF9FF6800D102AB /* Build configuration list for PBXProject "OnTap" */;
			compatibilityVersion = "Xcode 3.2";
			developmentRegion = English;
			hasScannedForEncodings = 0;
			knownRegions = (
				en,
				Base,
			);
			mainGroup = 7578114E1EF9FF6800D102AB;
			productRefGroup = 757811581EF9FF6800D102AB /* Products */;
			projectDirPath = "";
			projectRoot = "";
			targets = (
				757811561EF9FF6800D102AB /* OnTap */,
				7578116A1EF9FF6900D102AB /* OnTapTests */,
			);
		};
/* End PBXProject section */

/* Begin PBXResourcesBuildPhase section */
		757811551EF9FF6800D102AB /* Resources */ = {
			isa = PBXResourcesBuildPhase;
			buildActionMask = 2147483647;
			files = (
				757811651EF9FF6800D102AB /* LaunchScreen.storyboard in Resources */,
				7525C4821F0840EC00272689 /* placeholder.png in Resources */,
				75E61C131F361A92001660F6 /* GoogleService-Info.plist in Resources */,
				757811621EF9FF6800D102AB /* Assets.xcassets in Resources */,
				757811601EF9FF6800D102AB /* Main.storyboard in Resources */,
			);
			runOnlyForDeploymentPostprocessing = 0;
		};
		757811691EF9FF6900D102AB /* Resources */ = {
			isa = PBXResourcesBuildPhase;
			buildActionMask = 2147483647;
			files = (
			);
			runOnlyForDeploymentPostprocessing = 0;
		};
/* End PBXResourcesBuildPhase section */

/* Begin PBXShellScriptBuildPhase section */
		0F568957AF3E40ED6B7706F0 /* [CP] Copy Pods Resources */ = {
			isa = PBXShellScriptBuildPhase;
			buildActionMask = 2147483647;
			files = (
			);
			inputPaths = (
			);
			name = "[CP] Copy Pods Resources";
			outputPaths = (
			);
			runOnlyForDeploymentPostprocessing = 0;
			shellPath = /bin/sh;
			shellScript = "\"${SRCROOT}/Pods/Target Support Files/Pods-OnTap/Pods-OnTap-resources.sh\"\n";
			showEnvVarsInLog = 0;
		};
		2D492EB66BF468C4409D895B /* [CP] Copy Pods Resources */ = {
			isa = PBXShellScriptBuildPhase;
			buildActionMask = 2147483647;
			files = (
			);
			inputPaths = (
			);
			name = "[CP] Copy Pods Resources";
			outputPaths = (
			);
			runOnlyForDeploymentPostprocessing = 0;
			shellPath = /bin/sh;
			shellScript = "\"${SRCROOT}/Pods/Target Support Files/Pods-OnTapTests/Pods-OnTapTests-resources.sh\"\n";
			showEnvVarsInLog = 0;
		};
		90F1A600B31702919D424E25 /* [CP] Check Pods Manifest.lock */ = {
			isa = PBXShellScriptBuildPhase;
			buildActionMask = 2147483647;
			files = (
			);
			inputPaths = (
				"${PODS_PODFILE_DIR_PATH}/Podfile.lock",
				"${PODS_ROOT}/Manifest.lock",
			);
			name = "[CP] Check Pods Manifest.lock";
			outputPaths = (
				"$(DERIVED_FILE_DIR)/Pods-OnTap-checkManifestLockResult.txt",
			);
			runOnlyForDeploymentPostprocessing = 0;
			shellPath = /bin/sh;
			shellScript = "diff \"${PODS_PODFILE_DIR_PATH}/Podfile.lock\" \"${PODS_ROOT}/Manifest.lock\" > /dev/null\nif [ $? != 0 ] ; then\n    # print error to STDERR\n    echo \"error: The sandbox is not in sync with the Podfile.lock. Run 'pod install' or update your CocoaPods installation.\" >&2\n    exit 1\nfi\n# This output is used by Xcode 'outputs' to avoid re-running this script phase.\necho \"SUCCESS\" > \"${SCRIPT_OUTPUT_FILE_0}\"\n";
			showEnvVarsInLog = 0;
		};
		92A8361756600247FA4EE9EC /* [CP] Embed Pods Frameworks */ = {
			isa = PBXShellScriptBuildPhase;
			buildActionMask = 2147483647;
			files = (
			);
			inputPaths = (
			);
			name = "[CP] Embed Pods Frameworks";
			outputPaths = (
			);
			runOnlyForDeploymentPostprocessing = 0;
			shellPath = /bin/sh;
			shellScript = "\"${SRCROOT}/Pods/Target Support Files/Pods-OnTapTests/Pods-OnTapTests-frameworks.sh\"\n";
			showEnvVarsInLog = 0;
		};
		C34359A9C254E547AB48762F /* [CP] Embed Pods Frameworks */ = {
			isa = PBXShellScriptBuildPhase;
			buildActionMask = 2147483647;
			files = (
			);
			inputPaths = (
				"${SRCROOT}/Pods/Target Support Files/Pods-OnTap/Pods-OnTap-frameworks.sh",
				"${BUILT_PRODUCTS_DIR}/GTMSessionFetcher/GTMSessionFetcher.framework",
				"${BUILT_PRODUCTS_DIR}/GoogleToolboxForMac/GoogleToolboxForMac.framework",
				"${BUILT_PRODUCTS_DIR}/nanopb/nanopb.framework",
			);
			name = "[CP] Embed Pods Frameworks";
			outputPaths = (
				"${TARGET_BUILD_DIR}/${FRAMEWORKS_FOLDER_PATH}/GTMSessionFetcher.framework",
				"${TARGET_BUILD_DIR}/${FRAMEWORKS_FOLDER_PATH}/GoogleToolboxForMac.framework",
				"${TARGET_BUILD_DIR}/${FRAMEWORKS_FOLDER_PATH}/nanopb.framework",
			);
			runOnlyForDeploymentPostprocessing = 0;
			shellPath = /bin/sh;
			shellScript = "\"${SRCROOT}/Pods/Target Support Files/Pods-OnTap/Pods-OnTap-frameworks.sh\"\n";
			showEnvVarsInLog = 0;
		};
		DCE9438C696977AAE313B7D5 /* [CP] Check Pods Manifest.lock */ = {
			isa = PBXShellScriptBuildPhase;
			buildActionMask = 2147483647;
			files = (
			);
			inputPaths = (
				"${PODS_PODFILE_DIR_PATH}/Podfile.lock",
				"${PODS_ROOT}/Manifest.lock",
			);
			name = "[CP] Check Pods Manifest.lock";
			outputPaths = (
				"$(DERIVED_FILE_DIR)/Pods-OnTapTests-checkManifestLockResult.txt",
			);
			runOnlyForDeploymentPostprocessing = 0;
			shellPath = /bin/sh;
			shellScript = "diff \"${PODS_PODFILE_DIR_PATH}/Podfile.lock\" \"${PODS_ROOT}/Manifest.lock\" > /dev/null\nif [ $? != 0 ] ; then\n    # print error to STDERR\n    echo \"error: The sandbox is not in sync with the Podfile.lock. Run 'pod install' or update your CocoaPods installation.\" >&2\n    exit 1\nfi\n# This output is used by Xcode 'outputs' to avoid re-running this script phase.\necho \"SUCCESS\" > \"${SCRIPT_OUTPUT_FILE_0}\"\n";
			showEnvVarsInLog = 0;
		};
/* End PBXShellScriptBuildPhase section */

/* Begin PBXSourcesBuildPhase section */
		757811531EF9FF6800D102AB /* Sources */ = {
			isa = PBXSourcesBuildPhase;
			buildActionMask = 2147483647;
			files = (
				75F80EE11F1BD64E00EB27DB /* VCMapView.swift in Sources */,
				751907B81F3BFC4900967A12 /* FavoriteBeersTableViewController.swift in Sources */,
				7578115D1EF9FF6800D102AB /* MainMenu.swift in Sources */,
				7525C4771F07FEDA00272689 /* BeerDetailViewController.swift in Sources */,
				7578115B1EF9FF6800D102AB /* AppDelegate.swift in Sources */,
				750689E91EFF072E0059C77B /* BreweryDetailViewController.swift in Sources */,
				75F80EDD1F1BD28900EB27DB /* BreweryMapViewController.swift in Sources */,
				750689EB1EFF079C0059C77B /* Brewery.swift in Sources */,
				7585DA381F05DF9F0076DE7B /* BreweryBeerListTableViewController.swift in Sources */,
				7585DA3A1F05E0D50076DE7B /* Beer.swift in Sources */,
				754EA9161F3621F600A84753 /* UserAuthenticationViewController.swift in Sources */,
				75D3779E1F376B2200FD7BF0 /* User.swift in Sources */,
				7518067B1F3148850002821D /* BeerStyle.swift in Sources */,
				7535EEC11F29806200341658 /* HopsDetailViewController.swift in Sources */,
				7518067F1F314E630002821D /* BeerStyleDetailViewController.swift in Sources */,
				75F80EDF1F1BD4E700EB27DB /* BreweryLocation.swift in Sources */,
				751630BB1F39684800ABDFEC /* BeerSearchTableViewController.swift in Sources */,
				75925BC41F355D4A00E2A4C7 /* GuildDetailViewController.swift in Sources */,
				75EEA9A21F3D475600847507 /* FavoriteBreweryTableViewController.swift in Sources */,
				751806791F3146FC0002821D /* BeerStyleTableTableViewController.swift in Sources */,
				756686041F28281D0017D5CF /* Hops.swift in Sources */,
				756686021F28257D0017D5CF /* HopListTableViewController.swift in Sources */,
				75D3469E1EFDF70400E446C9 /* BreweryListTableViewController.swift in Sources */,
				75925BC01F35528600E2A4C7 /* Guild.swift in Sources */,
				75925BC21F35559700E2A4C7 /* GuildListTableViewController.swift in Sources */,
			);
			runOnlyForDeploymentPostprocessing = 0;
		};
		757811671EF9FF6900D102AB /* Sources */ = {
			isa = PBXSourcesBuildPhase;
			buildActionMask = 2147483647;
			files = (
				757811701EF9FF6900D102AB /* OnTapTests.swift in Sources */,
			);
			runOnlyForDeploymentPostprocessing = 0;
		};
/* End PBXSourcesBuildPhase section */

/* Begin PBXTargetDependency section */
		7578116D1EF9FF6900D102AB /* PBXTargetDependency */ = {
			isa = PBXTargetDependency;
			target = 757811561EF9FF6800D102AB /* OnTap */;
			targetProxy = 7578116C1EF9FF6900D102AB /* PBXContainerItemProxy */;
		};
/* End PBXTargetDependency section */

/* Begin PBXVariantGroup section */
		7578115E1EF9FF6800D102AB /* Main.storyboard */ = {
			isa = PBXVariantGroup;
			children = (
				7578115F1EF9FF6800D102AB /* Base */,
			);
			name = Main.storyboard;
			sourceTree = "<group>";
		};
		757811631EF9FF6800D102AB /* LaunchScreen.storyboard */ = {
			isa = PBXVariantGroup;
			children = (
				757811641EF9FF6800D102AB /* Base */,
			);
			name = LaunchScreen.storyboard;
			sourceTree = "<group>";
		};
/* End PBXVariantGroup section */

/* Begin XCBuildConfiguration section */
		757811721EF9FF6900D102AB /* Debug */ = {
			isa = XCBuildConfiguration;
			buildSettings = {
				ALWAYS_SEARCH_USER_PATHS = NO;
				CLANG_ANALYZER_NONNULL = YES;
				CLANG_ANALYZER_NUMBER_OBJECT_CONVERSION = YES_AGGRESSIVE;
				CLANG_CXX_LANGUAGE_STANDARD = "gnu++0x";
				CLANG_CXX_LIBRARY = "libc++";
				CLANG_ENABLE_MODULES = YES;
				CLANG_ENABLE_OBJC_ARC = YES;
				CLANG_WARN_BOOL_CONVERSION = YES;
				CLANG_WARN_CONSTANT_CONVERSION = YES;
				CLANG_WARN_DIRECT_OBJC_ISA_USAGE = YES_ERROR;
				CLANG_WARN_DOCUMENTATION_COMMENTS = YES;
				CLANG_WARN_EMPTY_BODY = YES;
				CLANG_WARN_ENUM_CONVERSION = YES;
				CLANG_WARN_INFINITE_RECURSION = YES;
				CLANG_WARN_INT_CONVERSION = YES;
				CLANG_WARN_OBJC_ROOT_CLASS = YES_ERROR;
				CLANG_WARN_SUSPICIOUS_MOVE = YES;
				CLANG_WARN_UNREACHABLE_CODE = YES;
				CLANG_WARN__DUPLICATE_METHOD_MATCH = YES;
				"CODE_SIGN_IDENTITY[sdk=iphoneos*]" = "iPhone Developer";
				COPY_PHASE_STRIP = NO;
				DEBUG_INFORMATION_FORMAT = dwarf;
				ENABLE_STRICT_OBJC_MSGSEND = YES;
				ENABLE_TESTABILITY = YES;
				GCC_C_LANGUAGE_STANDARD = gnu99;
				GCC_DYNAMIC_NO_PIC = NO;
				GCC_NO_COMMON_BLOCKS = YES;
				GCC_OPTIMIZATION_LEVEL = 0;
				GCC_PREPROCESSOR_DEFINITIONS = (
					"DEBUG=1",
					"$(inherited)",
				);
				GCC_WARN_64_TO_32_BIT_CONVERSION = YES;
				GCC_WARN_ABOUT_RETURN_TYPE = YES_ERROR;
				GCC_WARN_UNDECLARED_SELECTOR = YES;
				GCC_WARN_UNINITIALIZED_AUTOS = YES_AGGRESSIVE;
				GCC_WARN_UNUSED_FUNCTION = YES;
				GCC_WARN_UNUSED_VARIABLE = YES;
				IPHONEOS_DEPLOYMENT_TARGET = 10.3;
				MTL_ENABLE_DEBUG_INFO = YES;
				ONLY_ACTIVE_ARCH = YES;
				SDKROOT = iphoneos;
				SWIFT_ACTIVE_COMPILATION_CONDITIONS = DEBUG;
				SWIFT_OPTIMIZATION_LEVEL = "-Onone";
				TARGETED_DEVICE_FAMILY = "1,2";
			};
			name = Debug;
		};
		757811731EF9FF6900D102AB /* Release */ = {
			isa = XCBuildConfiguration;
			buildSettings = {
				ALWAYS_SEARCH_USER_PATHS = NO;
				CLANG_ANALYZER_NONNULL = YES;
				CLANG_ANALYZER_NUMBER_OBJECT_CONVERSION = YES_AGGRESSIVE;
				CLANG_CXX_LANGUAGE_STANDARD = "gnu++0x";
				CLANG_CXX_LIBRARY = "libc++";
				CLANG_ENABLE_MODULES = YES;
				CLANG_ENABLE_OBJC_ARC = YES;
				CLANG_WARN_BOOL_CONVERSION = YES;
				CLANG_WARN_CONSTANT_CONVERSION = YES;
				CLANG_WARN_DIRECT_OBJC_ISA_USAGE = YES_ERROR;
				CLANG_WARN_DOCUMENTATION_COMMENTS = YES;
				CLANG_WARN_EMPTY_BODY = YES;
				CLANG_WARN_ENUM_CONVERSION = YES;
				CLANG_WARN_INFINITE_RECURSION = YES;
				CLANG_WARN_INT_CONVERSION = YES;
				CLANG_WARN_OBJC_ROOT_CLASS = YES_ERROR;
				CLANG_WARN_SUSPICIOUS_MOVE = YES;
				CLANG_WARN_UNREACHABLE_CODE = YES;
				CLANG_WARN__DUPLICATE_METHOD_MATCH = YES;
				"CODE_SIGN_IDENTITY[sdk=iphoneos*]" = "iPhone Developer";
				COPY_PHASE_STRIP = NO;
				DEBUG_INFORMATION_FORMAT = "dwarf-with-dsym";
				ENABLE_NS_ASSERTIONS = NO;
				ENABLE_STRICT_OBJC_MSGSEND = YES;
				GCC_C_LANGUAGE_STANDARD = gnu99;
				GCC_NO_COMMON_BLOCKS = YES;
				GCC_WARN_64_TO_32_BIT_CONVERSION = YES;
				GCC_WARN_ABOUT_RETURN_TYPE = YES_ERROR;
				GCC_WARN_UNDECLARED_SELECTOR = YES;
				GCC_WARN_UNINITIALIZED_AUTOS = YES_AGGRESSIVE;
				GCC_WARN_UNUSED_FUNCTION = YES;
				GCC_WARN_UNUSED_VARIABLE = YES;
				IPHONEOS_DEPLOYMENT_TARGET = 10.3;
				MTL_ENABLE_DEBUG_INFO = NO;
				SDKROOT = iphoneos;
				SWIFT_OPTIMIZATION_LEVEL = "-Owholemodule";
				TARGETED_DEVICE_FAMILY = "1,2";
				VALIDATE_PRODUCT = YES;
			};
			name = Release;
		};
		757811751EF9FF6900D102AB /* Debug */ = {
			isa = XCBuildConfiguration;
			baseConfigurationReference = ED9CC2BCAD5725057211170A /* Pods-OnTap.debug.xcconfig */;
			buildSettings = {
				ASSETCATALOG_COMPILER_APPICON_NAME = AppIcon;
				COMPRESS_PNG_FILES = YES;
				INFOPLIST_FILE = OnTap/Info.plist;
				LD_RUNPATH_SEARCH_PATHS = "$(inherited) @executable_path/Frameworks";
				PRODUCT_BUNDLE_IDENTIFIER = com.example.OnTap;
				PRODUCT_NAME = "$(TARGET_NAME)";
				SWIFT_VERSION = 3.0;
			};
			name = Debug;
		};
		757811761EF9FF6900D102AB /* Release */ = {
			isa = XCBuildConfiguration;
			baseConfigurationReference = A351E0772093CD0BBF442D73 /* Pods-OnTap.release.xcconfig */;
			buildSettings = {
				ASSETCATALOG_COMPILER_APPICON_NAME = AppIcon;
				COMPRESS_PNG_FILES = YES;
				INFOPLIST_FILE = OnTap/Info.plist;
				LD_RUNPATH_SEARCH_PATHS = "$(inherited) @executable_path/Frameworks";
				PRODUCT_BUNDLE_IDENTIFIER = com.example.OnTap;
				PRODUCT_NAME = "$(TARGET_NAME)";
				SWIFT_VERSION = 3.0;
			};
			name = Release;
		};
		757811781EF9FF6900D102AB /* Debug */ = {
			isa = XCBuildConfiguration;
			baseConfigurationReference = 7E798E79B14498E7B7CEC3F4 /* Pods-OnTapTests.debug.xcconfig */;
			buildSettings = {
				ALWAYS_EMBED_SWIFT_STANDARD_LIBRARIES = YES;
				BUNDLE_LOADER = "$(TEST_HOST)";
				INFOPLIST_FILE = OnTapTests/Info.plist;
				LD_RUNPATH_SEARCH_PATHS = "$(inherited) @executable_path/Frameworks @loader_path/Frameworks";
				PRODUCT_BUNDLE_IDENTIFIER = com.example.OnTapTests;
				PRODUCT_NAME = "$(TARGET_NAME)";
				SWIFT_VERSION = 3.0;
				TEST_HOST = "$(BUILT_PRODUCTS_DIR)/OnTap.app/OnTap";
			};
			name = Debug;
		};
		757811791EF9FF6900D102AB /* Release */ = {
			isa = XCBuildConfiguration;
			baseConfigurationReference = 961906D5930546F6F5158FB3 /* Pods-OnTapTests.release.xcconfig */;
			buildSettings = {
				ALWAYS_EMBED_SWIFT_STANDARD_LIBRARIES = YES;
				BUNDLE_LOADER = "$(TEST_HOST)";
				INFOPLIST_FILE = OnTapTests/Info.plist;
				LD_RUNPATH_SEARCH_PATHS = "$(inherited) @executable_path/Frameworks @loader_path/Frameworks";
				PRODUCT_BUNDLE_IDENTIFIER = com.example.OnTapTests;
				PRODUCT_NAME = "$(TARGET_NAME)";
				SWIFT_VERSION = 3.0;
				TEST_HOST = "$(BUILT_PRODUCTS_DIR)/OnTap.app/OnTap";
			};
			name = Release;
		};
/* End XCBuildConfiguration section */

/* Begin XCConfigurationList section */
		757811521EF9FF6800D102AB /* Build configuration list for PBXProject "OnTap" */ = {
			isa = XCConfigurationList;
			buildConfigurations = (
				757811721EF9FF6900D102AB /* Debug */,
				757811731EF9FF6900D102AB /* Release */,
			);
			defaultConfigurationIsVisible = 0;
			defaultConfigurationName = Release;
		};
		757811741EF9FF6900D102AB /* Build configuration list for PBXNativeTarget "OnTap" */ = {
			isa = XCConfigurationList;
			buildConfigurations = (
				757811751EF9FF6900D102AB /* Debug */,
				757811761EF9FF6900D102AB /* Release */,
			);
			defaultConfigurationIsVisible = 0;
			defaultConfigurationName = Release;
		};
		757811771EF9FF6900D102AB /* Build configuration list for PBXNativeTarget "OnTapTests" */ = {
			isa = XCConfigurationList;
			buildConfigurations = (
				757811781EF9FF6900D102AB /* Debug */,
				757811791EF9FF6900D102AB /* Release */,
			);
			defaultConfigurationIsVisible = 0;
			defaultConfigurationName = Release;
		};
/* End XCConfigurationList section */
	};
	rootObject = 7578114F1EF9FF6800D102AB /* Project object */;
}
